
Microsoft Visual Studio Solution File, Format Version 12.00
# Visual Studio 15
VisualStudioVersion = 15.0.28010.2019
MinimumVisualStudioVersion = 10.0.40219.1
Project("{8BC9CEB8-8B4A-11D0-8D11-00A0C91BC942}") = "cli-example", "cli-example.vcxproj", "{7D744487-0691-48D4-B922-271F0CC5211B}"
EndProject
Global
	GlobalSection(SolutionConfigurationPlatforms) = preSolution
		Debug|x64 = Debug|x64
		Debug|x86 = Debug|x86
		Release|x64 = Release|x64
		Release|x86 = Release|x86
	EndGlobalSection
	GlobalSection(ProjectConfigurationPlatforms) = postSolution
		{7D744487-0691-48D4-B922-271F0CC5211B}.Debug|x64.ActiveCfg = Debug|x64
		{7D744487-0691-48D4-B922-271F0CC5211B}.Debug|x64.Build.0 = Debug|x64
		{7D744487-0691-48D4-B922-271F0CC5211B}.Debug|x86.ActiveCfg = Debug|Win32
		{7D744487-0691-48D4-B922-271F0CC5211B}.Debug|x86.Build.0 = Debug|Win32
		{7D744487-0691-48D4-B922-271F0CC5211B}.Release|x64.ActiveCfg = Release|x64
		{7D744487-0691-48D4-B922-271F0CC5211B}.Release|x64.Build.0 = Release|x64
		{7D744487-0691-48D4-B922-271F0CC5211B}.Release|x86.ActiveCfg = Release|Win32
		{7D744487-0691-48D4-B922-271F0CC5211B}.Release|x86.Build.0 = Release|Win32
	EndGlobalSection
	GlobalSection(SolutionProperties) = preSolution
		HideSolutionNode = FALSE
	EndGlobalSection
	GlobalSection(ExtensibilityGlobals) = postSolution
		SolutionGuid = {8B8D95E5-0CCD-4199-A530-F31715FD86FA}
	EndGlobalSection
EndGlobal
